{
  "name": "quantum-saas-portal",
  "version": "1.0.0",
  "lockfileVersion": 2,
  "requires": true,
  "packages": {
    "": {
      "name": "quantum-saas-portal",
      "version": "1.0.0",
      "dependencies": {
        "axios": "^1.4.0",
        "crypto": "^1.0.1",
        "ws": "^8.13.0"
      }
    }
  }
}
